
Microsoft Visual Studio Solution File, Format Version 12.00
# Visual Studio Version 17
VisualStudioVersion = 17.8.34322.80
MinimumVisualStudioVersion = 10.0.40219.1
Project("{FAE04EC0-301F-11D3-BF4B-00C04F79EFBC}") = "ArabicCompilerApp", "ArabicCompilerApp\ArabicCompilerApp.csproj", "{4798C0E2-2695-42B0-9BED-D8967A3190C0}"
EndProject
Global
	GlobalSection(SolutionConfigurationPlatforms) = preSolution
		Debug|Any CPU = Debug|Any CPU
		Release|Any CPU = Release|Any CPU
	EndGlobalSection
	GlobalSection(ProjectConfigurationPlatforms) = postSolution
		{4798C0E2-2695-42B0-9BED-D8967A3190C0}.Debug|Any CPU.ActiveCfg = Debug|Any CPU
		{4798C0E2-2695-42B0-9BED-D8967A3190C0}.Debug|Any CPU.Build.0 = Debug|Any CPU
		{4798C0E2-2695-42B0-9BED-D8967A3190C0}.Release|Any CPU.ActiveCfg = Release|Any CPU
		{4798C0E2-2695-42B0-9BED-D8967A3190C0}.Release|Any CPU.Build.0 = Release|Any CPU
	EndGlobalSection
	GlobalSection(SolutionProperties) = preSolution
		HideSolutionNode = FALSE
	EndGlobalSection
	GlobalSection(ExtensibilityGlobals) = postSolution
		SolutionGuid = {858B79BF-987E-4B09-A81E-5E5F848BDF62}
	EndGlobalSection
EndGlobal
